// !$*UTF8*$!
{
	archiveVersion = 1;
	classes = {
	};
	objectVersion = 46;
	objects = {

/* Begin PBXBuildFile section */
		4BB28AE11F97196D000F17B9 /* AppDelegate.swift in Sources */ = {isa = PBXBuildFile; fileRef = 4BB28AE01F97196D000F17B9 /* AppDelegate.swift */; };
		4BB28AE31F97196D000F17B9 /* ViewController.swift in Sources */ = {isa = PBXBuildFile; fileRef = 4BB28AE21F97196D000F17B9 /* ViewController.swift */; };
		4BB28AE61F97196D000F17B9 /* Main.storyboard in Resources */ = {isa = PBXBuildFile; fileRef = 4BB28AE41F97196D000F17B9 /* Main.storyboard */; };
		4BB28AE81F97196D000F17B9 /* Assets.xcassets in Resources */ = {isa = PBXBuildFile; fileRef = 4BB28AE71F97196D000F17B9 /* Assets.xcassets */; };
		4BB28AF31F97196D000F17B9 /* KameHouseControllerUITests.swift in Sources */ = {isa = PBXBuildFile; fileRef = 4BB28AF21F97196D000F17B9 /* KameHouseControllerUITests.swift */; };
/* End PBXBuildFile section */

/* Begin PBXContainerItemProxy section */
		4BB28AEF1F97196D000F17B9 /* PBXContainerItemProxy */ = {
			isa = PBXContainerItemProxy;
			containerPortal = 4BB28AD51F97196D000F17B9 /* Project object */;
			proxyType = 1;
			remoteGlobalIDString = 4BB28ADC1F97196D000F17B9;
			remoteInfo = KameHouseController;
		};
/* End PBXContainerItemProxy section */

/* Begin PBXFileReference section */
		4BB28ADD1F97196D000F17B9 /* KameHouseController.app */ = {isa = PBXFileReference; explicitFileType = wrapper.application; includeInIndex = 0; path = KameHouseController.app; sourceTree = BUILT_PRODUCTS_DIR; };
		4BB28AE01F97196D000F17B9 /* AppDelegate.swift */ = {isa = PBXFileReference; lastKnownFileType = sourcecode.swift; path = AppDelegate.swift; sourceTree = "<group>"; };
		4BB28AE21F97196D000F17B9 /* ViewController.swift */ = {isa = PBXFileReference; lastKnownFileType = sourcecode.swift; path = ViewController.swift; sourceTree = "<group>"; };
		4BB28AE51F97196D000F17B9 /* Base */ = {isa = PBXFileReference; lastKnownFileType = file.storyboard; name = Base; path = Base.lproj/Main.storyboard; sourceTree = "<group>"; };
		4BB28AE71F97196D000F17B9 /* Assets.xcassets */ = {isa = PBXFileReference; lastKnownFileType = folder.assetcatalog; path = Assets.xcassets; sourceTree = "<group>"; };
		4BB28AE91F97196D000F17B9 /* Info.plist */ = {isa = PBXFileReference; lastKnownFileType = text.plist.xml; path = Info.plist; sourceTree = "<group>"; };
		4BB28AEE1F97196D000F17B9 /* KameHouseControllerUITests.xctest */ = {isa = PBXFileReference; explicitFileType = wrapper.cfbundle; includeInIndex = 0; path = KameHouseControllerUITests.xctest; sourceTree = BUILT_PRODUCTS_DIR; };
		4BB28AF21F97196D000F17B9 /* KameHouseControllerUITests.swift */ = {isa = PBXFileReference; lastKnownFileType = sourcecode.swift; path = KameHouseControllerUITests.swift; sourceTree = "<group>"; };
		4BB28AF41F97196D000F17B9 /* Info.plist */ = {isa = PBXFileReference; lastKnownFileType = text.plist.xml; path = Info.plist; sourceTree = "<group>"; };
/* End PBXFileReference section */

/* Begin PBXFrameworksBuildPhase section */
		4BB28ADA1F97196D000F17B9 /* Frameworks */ = {
			isa = PBXFrameworksBuildPhase;
			buildActionMask = 2147483647;
			files = (
			);
			runOnlyForDeploymentPostprocessing = 0;
		};
		4BB28AEB1F97196D000F17B9 /* Frameworks */ = {
			isa = PBXFrameworksBuildPhase;
			buildActionMask = 2147483647;
			files = (
			);
			runOnlyForDeploymentPostprocessing = 0;
		};
/* End PBXFrameworksBuildPhase section */

/* Begin PBXGroup section */
		4BB28AD41F97196D000F17B9 = {
			isa = PBXGroup;
			children = (
				4BB28ADF1F97196D000F17B9 /* KameHouseController */,
				4BB28AF11F97196D000F17B9 /* KameHouseControllerUITests */,
				4BB28ADE1F97196D000F17B9 /* Products */,
			);
			sourceTree = "<group>";
		};
		4BB28ADE1F97196D000F17B9 /* Products */ = {
			isa = PBXGroup;
			children = (
				4BB28ADD1F97196D000F17B9 /* KameHouseController.app */,
				4BB28AEE1F97196D000F17B9 /* KameHouseControllerUITests.xctest */,
			);
			name = Products;
			sourceTree = "<group>";
		};
		4BB28ADF1F97196D000F17B9 /* KameHouseController */ = {
			isa = PBXGroup;
			children = (
				4BB28AE01F97196D000F17B9 /* AppDelegate.swift */,
				4BB28AE21F97196D000F17B9 /* ViewController.swift */,
				4BB28AE41F97196D000F17B9 /* Main.storyboard */,
				4BB28AE71F97196D000F17B9 /* Assets.xcassets */,
				4BB28AE91F97196D000F17B9 /* Info.plist */,
			);
			path = KameHouseController;
			sourceTree = "<group>";
		};
		4BB28AF11F97196D000F17B9 /* KameHouseControllerUITests */ = {
			isa = PBXGroup;
			children = (
				4BB28AF21F97196D000F17B9 /* KameHouseControllerUITests.swift */,
				4BB28AF41F97196D000F17B9 /* Info.plist */,
			);
			path = KameHouseControllerUITests;
			sourceTree = "<group>";
		};
/* End PBXGroup section */

/* Begin PBXNativeTarget section */
		4BB28ADC1F97196D000F17B9 /* KameHouseController */ = {
			isa = PBXNativeTarget;
			buildConfigurationList = 4BB28AF71F97196D000F17B9 /* Build configuration list for PBXNativeTarget "KameHouseController" */;
			buildPhases = (
				4BB28AD91F97196D000F17B9 /* Sources */,
				4BB28ADA1F97196D000F17B9 /* Frameworks */,
				4BB28ADB1F97196D000F17B9 /* Resources */,
			);
			buildRules = (
			);
			dependencies = (
			);
			name = KameHouseController;
			productName = KameHouseController;
			productReference = 4BB28ADD1F97196D000F17B9 /* KameHouseController.app */;
			productType = "com.apple.product-type.application";
		};
		4BB28AED1F97196D000F17B9 /* KameHouseControllerUITests */ = {
			isa = PBXNativeTarget;
			buildConfigurationList = 4BB28AFA1F97196D000F17B9 /* Build configuration list for PBXNativeTarget "KameHouseControllerUITests" */;
			buildPhases = (
				4BB28AEA1F97196D000F17B9 /* Sources */,
				4BB28AEB1F97196D000F17B9 /* Frameworks */,
				4BB28AEC1F97196D000F17B9 /* Resources */,
			);
			buildRules = (
			);
			dependencies = (
				4BB28AF01F97196D000F17B9 /* PBXTargetDependency */,
			);
			name = KameHouseControllerUITests;
			productName = KameHouseControllerUITests;
			productReference = 4BB28AEE1F97196D000F17B9 /* KameHouseControllerUITests.xctest */;
			productType = "com.apple.product-type.bundle.ui-testing";
		};
/* End PBXNativeTarget section */

/* Begin PBXProject section */
		4BB28AD51F97196D000F17B9 /* Project object */ = {
			isa = PBXProject;
			attributes = {
				LastSwiftUpdateCheck = 0830;
				LastUpgradeCheck = 0830;
				ORGANIZATIONNAME = Fredy.Lievano;
				TargetAttributes = {
					4BB28ADC1F97196D000F17B9 = {
						CreatedOnToolsVersion = 8.3.3;
						ProvisioningStyle = Automatic;
					};
					4BB28AED1F97196D000F17B9 = {
						CreatedOnToolsVersion = 8.3.3;
						ProvisioningStyle = Automatic;
						TestTargetID = 4BB28ADC1F97196D000F17B9;
					};
				};
			};
			buildConfigurationList = 4BB28AD81F97196D000F17B9 /* Build configuration list for PBXProject "KameHouseController" */;
			compatibilityVersion = "Xcode 3.2";
			developmentRegion = English;
			hasScannedForEncodings = 0;
			knownRegions = (
				en,
				Base,
			);
			mainGroup = 4BB28AD41F97196D000F17B9;
			productRefGroup = 4BB28ADE1F97196D000F17B9 /* Products */;
			projectDirPath = "";
			projectRoot = "";
			targets = (
				4BB28ADC1F97196D000F17B9 /* KameHouseController */,
				4BB28AED1F97196D000F17B9 /* KameHouseControllerUITests */,
			);
		};
/* End PBXProject section */

/* Begin PBXResourcesBuildPhase section */
		4BB28ADB1F97196D000F17B9 /* Resources */ = {
			isa = PBXResourcesBuildPhase;
			buildActionMask = 2147483647;
			files = (
				4BB28AE81F97196D000F17B9 /* Assets.xcassets in Resources */,
				4BB28AE61F97196D000F17B9 /* Main.storyboard in Resources */,
			);
			runOnlyForDeploymentPostprocessing = 0;
		};
		4BB28AEC1F97196D000F17B9 /* Resources */ = {
			isa = PBXResourcesBuildPhase;
			buildActionMask = 2147483647;
			files = (
			);
			runOnlyForDeploymentPostprocessing = 0;
		};
/* End PBXResourcesBuildPhase section */

/* Begin PBXSourcesBuildPhase section */
		4BB28AD91F97196D000F17B9 /* Sources */ = {
			isa = PBXSourcesBuildPhase;
			buildActionMask = 2147483647;
			files = (
				4BB28AE31F97196D000F17B9 /* ViewController.swift in Sources */,
				4BB28AE11F97196D000F17B9 /* AppDelegate.swift in Sources */,
			);
			runOnlyForDeploymentPostprocessing = 0;
		};
		4BB28AEA1F97196D000F17B9 /* Sources */ = {
			isa = PBXSourcesBuildPhase;
			buildActionMask = 2147483647;
			files = (
				4BB28AF31F97196D000F17B9 /* KameHouseControllerUITests.swift in Sources */,
			);
			runOnlyForDeploymentPostprocessing = 0;
		};
/* End PBXSourcesBuildPhase section */

/* Begin PBXTargetDependency section */
		4BB28AF01F97196D000F17B9 /* PBXTargetDependency */ = {
			isa = PBXTargetDependency;
			target = 4BB28ADC1F97196D000F17B9 /* KameHouseController */;
			targetProxy = 4BB28AEF1F97196D000F17B9 /* PBXContainerItemProxy */;
		};
/* End PBXTargetDependency section */

/* Begin PBXVariantGroup section */
		4BB28AE41F97196D000F17B9 /* Main.storyboard */ = {
			isa = PBXVariantGroup;
			children = (
				4BB28AE51F97196D000F17B9 /* Base */,
			);
			name = Main.storyboard;
			sourceTree = "<group>";
		};
/* End PBXVariantGroup section */

/* Begin XCBuildConfiguration section */
		4BB28AF51F97196D000F17B9 /* Debug */ = {
			isa = XCBuildConfiguration;
			buildSettings = {
				ALWAYS_SEARCH_USER_PATHS = NO;
				CLANG_ANALYZER_NONNULL = YES;
				CLANG_ANALYZER_NUMBER_OBJECT_CONVERSION = YES_AGGRESSIVE;
				CLANG_CXX_LANGUAGE_STANDARD = "gnu++0x";
				CLANG_CXX_LIBRARY = "libc++";
				CLANG_ENABLE_MODULES = YES;
				CLANG_ENABLE_OBJC_ARC = YES;
				CLANG_WARN_BOOL_CONVERSION = YES;
				CLANG_WARN_CONSTANT_CONVERSION = YES;
				CLANG_WARN_DIRECT_OBJC_ISA_USAGE = YES_ERROR;
				CLANG_WARN_DOCUMENTATION_COMMENTS = YES;
				CLANG_WARN_EMPTY_BODY = YES;
				CLANG_WARN_ENUM_CONVERSION = YES;
				CLANG_WARN_INFINITE_RECURSION = YES;
				CLANG_WARN_INT_CONVERSION = YES;
				CLANG_WARN_OBJC_ROOT_CLASS = YES_ERROR;
				CLANG_WARN_SUSPICIOUS_MOVE = YES;
				CLANG_WARN_UNREACHABLE_CODE = YES;
				CLANG_WARN__DUPLICATE_METHOD_MATCH = YES;
				COPY_PHASE_STRIP = NO;
				DEBUG_INFORMATION_FORMAT = dwarf;
				ENABLE_STRICT_OBJC_MSGSEND = YES;
				ENABLE_TESTABILITY = YES;
				GCC_C_LANGUAGE_STANDARD = gnu99;
				GCC_DYNAMIC_NO_PIC = NO;
				GCC_NO_COMMON_BLOCKS = YES;
				GCC_OPTIMIZATION_LEVEL = 0;
				GCC_PREPROCESSOR_DEFINITIONS = (
					"DEBUG=1",
					"$(inherited)",
				);
				GCC_WARN_64_TO_32_BIT_CONVERSION = YES;
				GCC_WARN_ABOUT_RETURN_TYPE = YES_ERROR;
				GCC_WARN_UNDECLARED_SELECTOR = YES;
				GCC_WARN_UNINITIALIZED_AUTOS = YES_AGGRESSIVE;
				GCC_WARN_UNUSED_FUNCTION = YES;
				GCC_WARN_UNUSED_VARIABLE = YES;
				MTL_ENABLE_DEBUG_INFO = YES;
				ONLY_ACTIVE_ARCH = YES;
				SDKROOT = appletvos;
				SWIFT_ACTIVE_COMPILATION_CONDITIONS = DEBUG;
				SWIFT_OPTIMIZATION_LEVEL = "-Onone";
				TARGETED_DEVICE_FAMILY = 3;
				TVOS_DEPLOYMENT_TARGET = 10.2;
			};
			name = Debug;
		};
		4BB28AF61F97196D000F17B9 /* Release */ = {
			isa = XCBuildConfiguration;
			buildSettings = {
				ALWAYS_SEARCH_USER_PATHS = NO;
				CLANG_ANALYZER_NONNULL = YES;
				CLANG_ANALYZER_NUMBER_OBJECT_CONVERSION = YES_AGGRESSIVE;
				CLANG_CXX_LANGUAGE_STANDARD = "gnu++0x";
				CLANG_CXX_LIBRARY = "libc++";
				CLANG_ENABLE_MODULES = YES;
				CLANG_ENABLE_OBJC_ARC = YES;
				CLANG_WARN_BOOL_CONVERSION = YES;
				CLANG_WARN_CONSTANT_CONVERSION = YES;
				CLANG_WARN_DIRECT_OBJC_ISA_USAGE = YES_ERROR;
				CLANG_WARN_DOCUMENTATION_COMMENTS = YES;
				CLANG_WARN_EMPTY_BODY = YES;
				CLANG_WARN_ENUM_CONVERSION = YES;
				CLANG_WARN_INFINITE_RECURSION = YES;
				CLANG_WARN_INT_CONVERSION = YES;
				CLANG_WARN_OBJC_ROOT_CLASS = YES_ERROR;
				CLANG_WARN_SUSPICIOUS_MOVE = YES;
				CLANG_WARN_UNREACHABLE_CODE = YES;
				CLANG_WARN__DUPLICATE_METHOD_MATCH = YES;
				COPY_PHASE_STRIP = NO;
				DEBUG_INFORMATION_FORMAT = "dwarf-with-dsym";
				ENABLE_NS_ASSERTIONS = NO;
				ENABLE_STRICT_OBJC_MSGSEND = YES;
				GCC_C_LANGUAGE_STANDARD = gnu99;
				GCC_NO_COMMON_BLOCKS = YES;
				GCC_WARN_64_TO_32_BIT_CONVERSION = YES;
				GCC_WARN_ABOUT_RETURN_TYPE = YES_ERROR;
				GCC_WARN_UNDECLARED_SELECTOR = YES;
				GCC_WARN_UNINITIALIZED_AUTOS = YES_AGGRESSIVE;
				GCC_WARN_UNUSED_FUNCTION = YES;
				GCC_WARN_UNUSED_VARIABLE = YES;
				MTL_ENABLE_DEBUG_INFO = NO;
				SDKROOT = appletvos;
				SWIFT_OPTIMIZATION_LEVEL = "-Owholemodule";
				TARGETED_DEVICE_FAMILY = 3;
				TVOS_DEPLOYMENT_TARGET = 10.2;
				VALIDATE_PRODUCT = YES;
			};
			name = Release;
		};
		4BB28AF81F97196D000F17B9 /* Debug */ = {
			isa = XCBuildConfiguration;
			buildSettings = {
				ASSETCATALOG_COMPILER_APPICON_NAME = "App Icon & Top Shelf Image";
				ASSETCATALOG_COMPILER_LAUNCHIMAGE_NAME = LaunchImage;
				INFOPLIST_FILE = KameHouseController/Info.plist;
				LD_RUNPATH_SEARCH_PATHS = "$(inherited) @executable_path/Frameworks";
				PRODUCT_BUNDLE_IDENTIFIER = com.FredyLievano.KameHouseController;
				PRODUCT_NAME = "$(TARGET_NAME)";
				SWIFT_VERSION = 3.0;
			};
			name = Debug;
		};
		4BB28AF91F97196D000F17B9 /* Release */ = {
			isa = XCBuildConfiguration;
			buildSettings = {
				ASSETCATALOG_COMPILER_APPICON_NAME = "App Icon & Top Shelf Image";
				ASSETCATALOG_COMPILER_LAUNCHIMAGE_NAME = LaunchImage;
				INFOPLIST_FILE = KameHouseController/Info.plist;
				LD_RUNPATH_SEARCH_PATHS = "$(inherited) @executable_path/Frameworks";
				PRODUCT_BUNDLE_IDENTIFIER = com.FredyLievano.KameHouseController;
				PRODUCT_NAME = "$(TARGET_NAME)";
				SWIFT_VERSION = 3.0;
			};
			name = Release;
		};
		4BB28AFB1F97196D000F17B9 /* Debug */ = {
			isa = XCBuildConfiguration;
			buildSettings = {
				ALWAYS_EMBED_SWIFT_STANDARD_LIBRARIES = YES;
				INFOPLIST_FILE = KameHouseControllerUITests/Info.plist;
				LD_RUNPATH_SEARCH_PATHS = "$(inherited) @executable_path/Frameworks @loader_path/Frameworks";
				PRODUCT_BUNDLE_IDENTIFIER = com.FredyLievano.KameHouseControllerUITests;
				PRODUCT_NAME = "$(TARGET_NAME)";
				SWIFT_VERSION = 3.0;
				TEST_TARGET_NAME = KameHouseController;
			};
			name = Debug;
		};
		4BB28AFC1F97196D000F17B9 /* Release */ = {
			isa = XCBuildConfiguration;
			buildSettings = {
				ALWAYS_EMBED_SWIFT_STANDARD_LIBRARIES = YES;
				INFOPLIST_FILE = KameHouseControllerUITests/Info.plist;
				LD_RUNPATH_SEARCH_PATHS = "$(inherited) @executable_path/Frameworks @loader_path/Frameworks";
				PRODUCT_BUNDLE_IDENTIFIER = com.FredyLievano.KameHouseControllerUITests;
				PRODUCT_NAME = "$(TARGET_NAME)";
				SWIFT_VERSION = 3.0;
				TEST_TARGET_NAME = KameHouseController;
			};
			name = Release;
		};
/* End XCBuildConfiguration section */

/* Begin XCConfigurationList section */
		4BB28AD81F97196D000F17B9 /* Build configuration list for PBXProject "KameHouseController" */ = {
			isa = XCConfigurationList;
			buildConfigurations = (
				4BB28AF51F97196D000F17B9 /* Debug */,
				4BB28AF61F97196D000F17B9 /* Release */,
			);
			defaultConfigurationIsVisible = 0;
			defaultConfigurationName = Release;
		};
		4BB28AF71F97196D000F17B9 /* Build configuration list for PBXNativeTarget "KameHouseController" */ = {
			isa = XCConfigurationList;
			buildConfigurations = (
				4BB28AF81F97196D000F17B9 /* Debug */,
				4BB28AF91F97196D000F17B9 /* Release */,
			);
			defaultConfigurationIsVisible = 0;
		};
		4BB28AFA1F97196D000F17B9 /* Build configuration list for PBXNativeTarget "KameHouseControllerUITests" */ = {
			isa = XCConfigurationList;
			buildConfigurations = (
				4BB28AFB1F97196D000F17B9 /* Debug */,
				4BB28AFC1F97196D000F17B9 /* Release */,
			);
			defaultConfigurationIsVisible = 0;
		};
/* End XCConfigurationList section */
	};
	rootObject = 4BB28AD51F97196D000F17B9 /* Project object */;
}
